<?xml version="1.0" encoding="utf-8"?>
<Project ToolsVersion="4.0" xmlns="http://schemas.microsoft.com/developer/msbuild/2003">
  <ItemGroup>
    <Filter Include="lecui">
      <UniqueIdentifier>{4FC737F1-C7A5-4376-A066-2A32D752A2FF}</UniqueIdentifier>
      <Extensions>cpp;c;cc;cxx;def;odl;idl;hpj;bat;asm;asmx</Extensions>
    </Filter>
    <Filter Include="lecui\error">
      <UniqueIdentifier>{4200a6e3-1de7-48ff-957b-4e36ed09508f}</UniqueIdentifier>
    </Filter>
    <Filter Include="lecui\containers">
      <UniqueIdentifier>{a4655d8d-bf61-40d1-9aba-d66f04359123}</UniqueIdentifier>
    </Filter>
    <Filter Include="lecui\containers\pane">
      <UniqueIdentifier>{a1a58d77-2c31-455d-86cd-f68b7a928abc}</UniqueIdentifier>
    </Filter>
    <Filter Include="lecui\containers\page">
      <UniqueIdentifier>{66249865-4afc-4dd9-95b4-e41472981e4a}</UniqueIdentifier>
    </Filter>
    <Filter Include="lecui\widgets">
      <UniqueIdentifier>{686ac864-9641-4ebd-857f-d7c258c12791}</UniqueIdentifier>
    </Filter>
    <Filter Include="lecui\widgets\button">
      <UniqueIdentifier>{1fe37189-20fd-4633-9049-2afa4ec47123}</UniqueIdentifier>
    </Filter>
    <Filter Include="lecui\widgets\combo">
      <UniqueIdentifier>{6f76e302-2a6c-4734-aaf8-c0c0d476c934}</UniqueIdentifier>
    </Filter>
    <Filter Include="lecui\widgets\control_buttons">
      <UniqueIdentifier>{c2717374-6c0d-44ba-9082-2e929eb61bb2}</UniqueIdentifier>
    </Filter>
    <Filter Include="lecui\widgets\control_buttons\close_button">
      <UniqueIdentifier>{ca639dfd-7490-409a-8ec2-7892b1c57417}</UniqueIdentifier>
    </Filter>
    <Filter Include="lecui\widgets\control_buttons\maximize_button">
      <UniqueIdentifier>{4f1b6ad0-40d5-448f-b852-b132ebf95026}</UniqueIdentifier>
    </Filter>
    <Filter Include="lecui\widgets\control_buttons\minimize_button">
      <UniqueIdentifier>{0b062b5f-91ee-4e1d-b7fb-087c1eca1f5f}</UniqueIdentifier>
    </Filter>
    <Filter Include="lecui\widgets\custom">
      <UniqueIdentifier>{747332de-70a8-42bf-b4b6-3da42cc6bebb}</UniqueIdentifier>
    </Filter>
    <Filter Include="lecui\widgets\group">
      <UniqueIdentifier>{b9dce77d-95db-4a6d-87fb-f87a798c9afd}</UniqueIdentifier>
    </Filter>
    <Filter Include="lecui\widgets\h_scrollbar">
      <UniqueIdentifier>{be47350a-704d-4ac4-9111-6bbd13eb9a0b}</UniqueIdentifier>
    </Filter>
    <Filter Include="lecui\widgets\label">
      <UniqueIdentifier>{a6298d6c-0847-4813-8610-96a16327a6da}</UniqueIdentifier>
    </Filter>
    <Filter Include="lecui\widgets\list">
      <UniqueIdentifier>{bd387815-ca17-4f93-870f-4ce4e1b9a2e9}</UniqueIdentifier>
    </Filter>
    <Filter Include="lecui\widgets\rectangle">
      <UniqueIdentifier>{a2ebc386-9313-4ce2-b747-7347df3bc0f2}</UniqueIdentifier>
    </Filter>
    <Filter Include="lecui\widgets\toggle">
      <UniqueIdentifier>{f6094ddf-09e9-49c1-b8c4-ac54a767eb96}</UniqueIdentifier>
    </Filter>
    <Filter Include="lecui\widgets\v_scrollbar">
      <UniqueIdentifier>{a5a36564-a316-4ee2-9738-c9f5dcc00668}</UniqueIdentifier>
    </Filter>
    <Filter Include="lecui\widgets\image">
      <UniqueIdentifier>{5b4c8621-0198-4500-8d24-7cd7214ff67c}</UniqueIdentifier>
    </Filter>
    <Filter Include="lecui\widgets\progress_indicator">
      <UniqueIdentifier>{acf762c3-c9fc-4196-b814-7703a654a871}</UniqueIdentifier>
    </Filter>
    <Filter Include="lecui\widgets\progress_bar">
      <UniqueIdentifier>{ace77da3-d187-49db-a8db-4c1d0bfc750d}</UniqueIdentifier>
    </Filter>
    <Filter Include="lecui\widgets\checkbox">
      <UniqueIdentifier>{5843202b-d0a5-46a8-9c3e-a00ae8353c31}</UniqueIdentifier>
    </Filter>
    <Filter Include="lecui\widgets\textbox">
      <UniqueIdentifier>{7839b613-5c57-4acf-bfda-0c4461eeaf90}</UniqueIdentifier>
    </Filter>
    <Filter Include="lecui\widgets\tree">
      <UniqueIdentifier>{7a9514ff-02f0-4032-8db2-f4658a41cc01}</UniqueIdentifier>
    </Filter>
    <Filter Include="lecui\containers\tab_pane">
      <UniqueIdentifier>{f9f83e07-fde8-4f7c-be84-8594cc164f91}</UniqueIdentifier>
    </Filter>
  </ItemGroup>
  <ItemGroup>
    <ClInclude Include="error\win_error.h">
      <Filter>lecui\error</Filter>
    </ClInclude>
    <ClInclude Include="form_common.h">
      <Filter>lecui</Filter>
    </ClInclude>
    <ClInclude Include="containers\pane\pane_impl.h">
      <Filter>lecui\containers\pane</Filter>
    </ClInclude>
    <ClInclude Include="containers\page\page_impl.h">
      <Filter>lecui\containers\page</Filter>
    </ClInclude>
    <ClInclude Include="widgets\widget_impl.h">
      <Filter>lecui\widgets</Filter>
    </ClInclude>
    <ClInclude Include="widgets\button\button_impl.h">
      <Filter>lecui\widgets\button</Filter>
    </ClInclude>
    <ClInclude Include="widgets\combo\combo_impl.h">
      <Filter>lecui\widgets\combo</Filter>
    </ClInclude>
    <ClInclude Include="widgets\control_buttons\close_button\close_button.h">
      <Filter>lecui\widgets\control_buttons\close_button</Filter>
    </ClInclude>
    <ClInclude Include="widgets\control_buttons\maximize_button\maximize_button.h">
      <Filter>lecui\widgets\control_buttons\maximize_button</Filter>
    </ClInclude>
    <ClInclude Include="widgets\control_buttons\minimize_button\minimize_button.h">
      <Filter>lecui\widgets\control_buttons\minimize_button</Filter>
    </ClInclude>
    <ClInclude Include="widgets\custom\custom_impl.h">
      <Filter>lecui\widgets\custom</Filter>
    </ClInclude>
    <ClInclude Include="widgets\group\group_impl.h">
      <Filter>lecui\widgets\group</Filter>
    </ClInclude>
    <ClInclude Include="widgets\h_scrollbar\h_scrollbar.h">
      <Filter>lecui\widgets\h_scrollbar</Filter>
    </ClInclude>
    <ClInclude Include="widgets\label\label_impl.h">
      <Filter>lecui\widgets\label</Filter>
    </ClInclude>
    <ClInclude Include="widgets\list\list_impl.h">
      <Filter>lecui\widgets\list</Filter>
    </ClInclude>
    <ClInclude Include="widgets\rectangle\rectangle_impl.h">
      <Filter>lecui\widgets\rectangle</Filter>
    </ClInclude>
    <ClInclude Include="widgets\toggle\toggle_impl.h">
      <Filter>lecui\widgets\toggle</Filter>
    </ClInclude>
    <ClInclude Include="widgets\v_scrollbar\v_scrollbar.h">
      <Filter>lecui\widgets\v_scrollbar</Filter>
    </ClInclude>
    <ClInclude Include="containers\page.h">
      <Filter>lecui\containers</Filter>
    </ClInclude>
    <ClInclude Include="containers\pane.h">
      <Filter>lecui\containers</Filter>
    </ClInclude>
    <ClInclude Include="widgets\button.h">
      <Filter>lecui\widgets</Filter>
    </ClInclude>
    <ClInclude Include="widgets\combo.h">
      <Filter>lecui\widgets</Filter>
    </ClInclude>
    <ClInclude Include="widgets\custom.h">
      <Filter>lecui\widgets</Filter>
    </ClInclude>
    <ClInclude Include="widgets\group.h">
      <Filter>lecui\widgets</Filter>
    </ClInclude>
    <ClInclude Include="widgets\label.h">
      <Filter>lecui\widgets</Filter>
    </ClInclude>
    <ClInclude Include="widgets\list.h">
      <Filter>lecui\widgets</Filter>
    </ClInclude>
    <ClInclude Include="widgets\rectangle.h">
      <Filter>lecui\widgets</Filter>
    </ClInclude>
    <ClInclude Include="widgets\timer.h">
      <Filter>lecui\widgets</Filter>
    </ClInclude>
    <ClInclude Include="widgets\toggle.h">
      <Filter>lecui\widgets</Filter>
    </ClInclude>
    <ClInclude Include="widgets\widget.h">
      <Filter>lecui\widgets</Filter>
    </ClInclude>
    <ClInclude Include="appearance.h">
      <Filter>lecui</Filter>
    </ClInclude>
    <ClInclude Include="controls.h">
      <Filter>lecui</Filter>
    </ClInclude>
    <ClInclude Include="form.h">
      <Filter>lecui</Filter>
    </ClInclude>
    <ClInclude Include="versioninfo.h">
      <Filter>lecui</Filter>
    </ClInclude>
    <ClInclude Include="lecui.h" />
    <ClInclude Include="widgets\image.h">
      <Filter>lecui\widgets</Filter>
    </ClInclude>
    <ClInclude Include="widgets\image\image_impl.h">
      <Filter>lecui\widgets\image</Filter>
    </ClInclude>
    <ClInclude Include="form_impl.h">
      <Filter>lecui</Filter>
    </ClInclude>
    <ClInclude Include="widgets\progress_indicator.h">
      <Filter>lecui\widgets</Filter>
    </ClInclude>
    <ClInclude Include="widgets\progress_indicator\progress_indicator_impl.h">
      <Filter>lecui\widgets\progress_indicator</Filter>
    </ClInclude>
    <ClInclude Include="widgets\progress_bar.h">
      <Filter>lecui\widgets</Filter>
    </ClInclude>
    <ClInclude Include="widgets\progress_bar\progress_bar_impl.h">
      <Filter>lecui\widgets\progress_bar</Filter>
    </ClInclude>
    <ClInclude Include="widgets\checkbox.h">
      <Filter>lecui\widgets</Filter>
    </ClInclude>
    <ClInclude Include="widgets\checkbox\checkbox_impl.h">
      <Filter>lecui\widgets\checkbox</Filter>
    </ClInclude>
    <ClInclude Include="widgets\textbox.h">
      <Filter>lecui\widgets</Filter>
    </ClInclude>
    <ClInclude Include="widgets\textbox\textbox_impl.h">
      <Filter>lecui\widgets\textbox</Filter>
    </ClInclude>
    <ClInclude Include="widgets\tree.h">
      <Filter>lecui\widgets</Filter>
    </ClInclude>
    <ClInclude Include="widgets\tree\tree_impl.h">
      <Filter>lecui\widgets\tree</Filter>
    </ClInclude>
    <ClInclude Include="containers\tab_pane\tab_pane_impl.h">
      <Filter>lecui\containers\tab_pane</Filter>
    </ClInclude>
    <ClInclude Include="containers\tab_pane.h">
      <Filter>lecui\containers</Filter>
    </ClInclude>
  </ItemGroup>
  <ItemGroup>
    <ClCompile Include="error\win_error.cpp">
      <Filter>lecui\error</Filter>
    </ClCompile>
    <ClCompile Include="form.cpp">
      <Filter>lecui</Filter>
    </ClCompile>
    <ClCompile Include="containers\pane\pane_impl.cpp">
      <Filter>lecui\containers\pane</Filter>
    </ClCompile>
    <ClCompile Include="containers\page\page_impl.cpp">
      <Filter>lecui\containers\page</Filter>
    </ClCompile>
    <ClCompile Include="widgets\widget_impl.cpp">
      <Filter>lecui\widgets</Filter>
    </ClCompile>
    <ClCompile Include="widgets\button\button_impl.cpp">
      <Filter>lecui\widgets\button</Filter>
    </ClCompile>
    <ClCompile Include="widgets\combo\combo_impl.cpp">
      <Filter>lecui\widgets\combo</Filter>
    </ClCompile>
    <ClCompile Include="widgets\control_buttons\close_button\close_button.cpp">
      <Filter>lecui\widgets\control_buttons\close_button</Filter>
    </ClCompile>
    <ClCompile Include="widgets\control_buttons\maximize_button\maximize_button.cpp">
      <Filter>lecui\widgets\control_buttons\maximize_button</Filter>
    </ClCompile>
    <ClCompile Include="widgets\control_buttons\minimize_button\minimize_button.cpp">
      <Filter>lecui\widgets\control_buttons\minimize_button</Filter>
    </ClCompile>
    <ClCompile Include="widgets\custom\custom_impl.cpp">
      <Filter>lecui\widgets\custom</Filter>
    </ClCompile>
    <ClCompile Include="widgets\group\group_impl.cpp">
      <Filter>lecui\widgets\group</Filter>
    </ClCompile>
    <ClCompile Include="widgets\h_scrollbar\h_scrollbar.cpp">
      <Filter>lecui\widgets\h_scrollbar</Filter>
    </ClCompile>
    <ClCompile Include="widgets\label\label_impl.cpp">
      <Filter>lecui\widgets\label</Filter>
    </ClCompile>
    <ClCompile Include="widgets\list\list_impl.cpp">
      <Filter>lecui\widgets\list</Filter>
    </ClCompile>
    <ClCompile Include="widgets\rectangle\rectangle_impl.cpp">
      <Filter>lecui\widgets\rectangle</Filter>
    </ClCompile>
    <ClCompile Include="widgets\toggle\toggle_impl.cpp">
      <Filter>lecui\widgets\toggle</Filter>
    </ClCompile>
    <ClCompile Include="widgets\v_scrollbar\v_scrollbar.cpp">
      <Filter>lecui\widgets\v_scrollbar</Filter>
    </ClCompile>
    <ClCompile Include="lecui.cpp" />
    <ClCompile Include="widgets\image\image_impl.cpp">
      <Filter>lecui\widgets\image</Filter>
    </ClCompile>
    <ClCompile Include="form_impl.cpp">
      <Filter>lecui</Filter>
    </ClCompile>
    <ClCompile Include="appearance.cpp">
      <Filter>lecui</Filter>
    </ClCompile>
    <ClCompile Include="controls.cpp">
      <Filter>lecui</Filter>
    </ClCompile>
    <ClCompile Include="timer.cpp">
      <Filter>lecui</Filter>
    </ClCompile>
    <ClCompile Include="containers\page\page.cpp">
      <Filter>lecui\containers\page</Filter>
    </ClCompile>
    <ClCompile Include="containers\pane\pane.cpp">
      <Filter>lecui\containers\pane</Filter>
    </ClCompile>
    <ClCompile Include="widgets\button\button.cpp">
      <Filter>lecui\widgets\button</Filter>
    </ClCompile>
    <ClCompile Include="widgets\combo\combo.cpp">
      <Filter>lecui\widgets\combo</Filter>
    </ClCompile>
    <ClCompile Include="widgets\custom\custom.cpp">
      <Filter>lecui\widgets\custom</Filter>
    </ClCompile>
    <ClCompile Include="widgets\group\group.cpp">
      <Filter>lecui\widgets\group</Filter>
    </ClCompile>
    <ClCompile Include="widgets\image\image.cpp">
      <Filter>lecui\widgets\image</Filter>
    </ClCompile>
    <ClCompile Include="widgets\label\label.cpp">
      <Filter>lecui\widgets\label</Filter>
    </ClCompile>
    <ClCompile Include="widgets\list\list.cpp">
      <Filter>lecui\widgets\list</Filter>
    </ClCompile>
    <ClCompile Include="widgets\rectangle\rectangle.cpp">
      <Filter>lecui\widgets\rectangle</Filter>
    </ClCompile>
    <ClCompile Include="widgets\toggle\toggle.cpp">
      <Filter>lecui\widgets\toggle</Filter>
    </ClCompile>
    <ClCompile Include="widgets\widget.cpp">
      <Filter>lecui\widgets</Filter>
    </ClCompile>
    <ClCompile Include="widgets\progress_indicator\progress_indicator.cpp">
      <Filter>lecui\widgets\progress_indicator</Filter>
    </ClCompile>
    <ClCompile Include="widgets\progress_indicator\progress_indicator_impl.cpp">
      <Filter>lecui\widgets\progress_indicator</Filter>
    </ClCompile>
    <ClCompile Include="widgets\progress_bar\progress_bar.cpp">
      <Filter>lecui\widgets\progress_bar</Filter>
    </ClCompile>
    <ClCompile Include="widgets\progress_bar\progress_bar_impl.cpp">
      <Filter>lecui\widgets\progress_bar</Filter>
    </ClCompile>
    <ClCompile Include="widgets\checkbox\checkbox.cpp">
      <Filter>lecui\widgets\checkbox</Filter>
    </ClCompile>
    <ClCompile Include="widgets\checkbox\checkbox_impl.cpp">
      <Filter>lecui\widgets\checkbox</Filter>
    </ClCompile>
    <ClCompile Include="widgets\textbox\textbox.cpp">
      <Filter>lecui\widgets\textbox</Filter>
    </ClCompile>
    <ClCompile Include="widgets\textbox\textbox_impl.cpp">
      <Filter>lecui\widgets\textbox</Filter>
    </ClCompile>
    <ClCompile Include="widgets\tree\tree_impl.cpp">
      <Filter>lecui\widgets\tree</Filter>
    </ClCompile>
    <ClCompile Include="widgets\tree\tree.cpp">
      <Filter>lecui\widgets\tree</Filter>
    </ClCompile>
    <ClCompile Include="containers\tab_pane\tab_pane.cpp">
      <Filter>lecui\containers\tab_pane</Filter>
    </ClCompile>
    <ClCompile Include="containers\tab_pane\tab_pane_impl.cpp">
      <Filter>lecui\containers\tab_pane</Filter>
    </ClCompile>
  </ItemGroup>
  <ItemGroup>
    <None Include="LICENSE.md">
      <Filter>lecui</Filter>
    </None>
  </ItemGroup>
  <ItemGroup>
    <Text Include="LICENSE.txt">
      <Filter>lecui</Filter>
    </Text>
  </ItemGroup>
  <ItemGroup>
    <ResourceCompile Include="versioninfo.rc">
      <Filter>lecui</Filter>
    </ResourceCompile>
  </ItemGroup>
</Project>